{
  "name": "gdprwebsite",
  "version": "1.0.0",
  "lockfileVersion": 2,
  "requires": true,
  "packages": {
    "": {
      "name": "gdprwebsite",
      "version": "1.0.0",
      "license": "ISC",
      "dependencies": {
        "canvasinput": "^1.2.7"
      }
    },
    "node_modules/canvasinput": {
      "version": "1.2.7",
      "resolved": "https://registry.npmjs.org/canvasinput/-/canvasinput-1.2.7.tgz",
      "integrity": "sha512-8xkHz0upQ01iA6kA3uBf3s7SJyPzs2s1+YjHCAewisQmKiTbf4Dkx9J7mJfxlQPCVdqv8IAhwuLmyQNOIlKb1w=="
    }
  },
  "dependencies": {
    "canvasinput": {
      "version": "1.2.7",
      "resolved": "https://registry.npmjs.org/canvasinput/-/canvasinput-1.2.7.tgz",
      "integrity": "sha512-8xkHz0upQ01iA6kA3uBf3s7SJyPzs2s1+YjHCAewisQmKiTbf4Dkx9J7mJfxlQPCVdqv8IAhwuLmyQNOIlKb1w=="
    }
  }
}
